
Microsoft Visual Studio Solution File, Format Version 12.00
# Visual Studio Version 16
VisualStudioVersion = 16.0.30611.23
MinimumVisualStudioVersion = 10.0.40219.1
Project("{FAE04EC0-301F-11D3-BF4B-00C04F79EFBC}") = "MVCEducation", "MVCEducation\MVCEducation.csproj", "{F09CC3B1-D209-4744-A0BE-F0295C18DA8B}"
EndProject
Global
	GlobalSection(SolutionConfigurationPlatforms) = preSolution
		Debug|Any CPU = Debug|Any CPU
		Release|Any CPU = Release|Any CPU
	EndGlobalSection
	GlobalSection(ProjectConfigurationPlatforms) = postSolution
		{F09CC3B1-D209-4744-A0BE-F0295C18DA8B}.Debug|Any CPU.ActiveCfg = Debug|Any CPU
		{F09CC3B1-D209-4744-A0BE-F0295C18DA8B}.Debug|Any CPU.Build.0 = Debug|Any CPU
		{F09CC3B1-D209-4744-A0BE-F0295C18DA8B}.Release|Any CPU.ActiveCfg = Release|Any CPU
		{F09CC3B1-D209-4744-A0BE-F0295C18DA8B}.Release|Any CPU.Build.0 = Release|Any CPU
	EndGlobalSection
	GlobalSection(SolutionProperties) = preSolution
		HideSolutionNode = FALSE
	EndGlobalSection
	GlobalSection(ExtensibilityGlobals) = postSolution
		SolutionGuid = {608A64CA-5640-4FEC-A22E-5B0E118CFF04}
	EndGlobalSection
EndGlobal
